
Microsoft Visual Studio Solution File, Format Version 12.00
# Visual Studio Version 16
VisualStudioVersion = 25.0.1705.0
MinimumVisualStudioVersion = 10.0.40219.1
Project("{FAE04EC0-301F-11D3-BF4B-00C04F79EFBC}") = "pertemuan_6", "pertemuan_6\pertemuan_6.csproj", "{A1EC7FCA-5776-4B2C-B7E2-F7AFA2D97E60}"
EndProject
Global
	GlobalSection(SolutionConfigurationPlatforms) = preSolution
		Debug|Any CPU = Debug|Any CPU
		Release|Any CPU = Release|Any CPU
	EndGlobalSection
	GlobalSection(ProjectConfigurationPlatforms) = postSolution
		{A1EC7FCA-5776-4B2C-B7E2-F7AFA2D97E60}.Debug|Any CPU.ActiveCfg = Debug|Any CPU
		{A1EC7FCA-5776-4B2C-B7E2-F7AFA2D97E60}.Debug|Any CPU.Build.0 = Debug|Any CPU
		{A1EC7FCA-5776-4B2C-B7E2-F7AFA2D97E60}.Release|Any CPU.ActiveCfg = Release|Any CPU
		{A1EC7FCA-5776-4B2C-B7E2-F7AFA2D97E60}.Release|Any CPU.Build.0 = Release|Any CPU
	EndGlobalSection
	GlobalSection(SolutionProperties) = preSolution
		HideSolutionNode = FALSE
	EndGlobalSection
	GlobalSection(ExtensibilityGlobals) = postSolution
		SolutionGuid = {C92CD859-E7BF-4140-AC86-0B0C23CE9373}
	EndGlobalSection
EndGlobal
